
Microsoft Visual Studio Solution File, Format Version 12.00
# Visual Studio 2012
Project("{FAE04EC0-301F-11D3-BF4B-00C04F79EFBC}") = "TesteRecursaoT1", "TesteRecursaoT1\TesteRecursaoT1.csproj", "{942D93C4-913A-46B7-BD06-6E66920969DE}"
EndProject
Global
	GlobalSection(SolutionConfigurationPlatforms) = preSolution
		Debug|Any CPU = Debug|Any CPU
		Release|Any CPU = Release|Any CPU
	EndGlobalSection
	GlobalSection(ProjectConfigurationPlatforms) = postSolution
		{942D93C4-913A-46B7-BD06-6E66920969DE}.Debug|Any CPU.ActiveCfg = Debug|Any CPU
		{942D93C4-913A-46B7-BD06-6E66920969DE}.Debug|Any CPU.Build.0 = Debug|Any CPU
		{942D93C4-913A-46B7-BD06-6E66920969DE}.Release|Any CPU.ActiveCfg = Release|Any CPU
		{942D93C4-913A-46B7-BD06-6E66920969DE}.Release|Any CPU.Build.0 = Release|Any CPU
	EndGlobalSection
	GlobalSection(SolutionProperties) = preSolution
		HideSolutionNode = FALSE
	EndGlobalSection
EndGlobal
